
Microsoft Visual Studio Solution File, Format Version 12.00
# Visual Studio Version 17
VisualStudioVersion = 17.7.34202.233
MinimumVisualStudioVersion = 10.0.40219.1
Project("{F184B08F-C81C-45F6-A57F-5ABD9991F28F}") = "PrototypePatternW", "PrototypePatternW\PrototypePatternW.vbproj", "{66735F80-5750-4D1C-9654-144209DF4625}"
EndProject
Global
	GlobalSection(SolutionConfigurationPlatforms) = preSolution
		Debug|Any CPU = Debug|Any CPU
		Release|Any CPU = Release|Any CPU
	EndGlobalSection
	GlobalSection(ProjectConfigurationPlatforms) = postSolution
		{66735F80-5750-4D1C-9654-144209DF4625}.Debug|Any CPU.ActiveCfg = Debug|Any CPU
		{66735F80-5750-4D1C-9654-144209DF4625}.Debug|Any CPU.Build.0 = Debug|Any CPU
		{66735F80-5750-4D1C-9654-144209DF4625}.Release|Any CPU.ActiveCfg = Release|Any CPU
		{66735F80-5750-4D1C-9654-144209DF4625}.Release|Any CPU.Build.0 = Release|Any CPU
	EndGlobalSection
	GlobalSection(SolutionProperties) = preSolution
		HideSolutionNode = FALSE
	EndGlobalSection
	GlobalSection(ExtensibilityGlobals) = postSolution
		SolutionGuid = {E7956286-C9A1-44A5-8725-A156136D399C}
	EndGlobalSection
EndGlobal
